
Microsoft Visual Studio Solution File, Format Version 12.00
# Visual Studio Version 17
VisualStudioVersion = 17.14.36401.2 d17.14
MinimumVisualStudioVersion = 10.0.40219.1
Project("{FAE04EC0-301F-11D3-BF4B-00C04F79EFBC}") = "SmartPharma", "SmartPharma\SmartPharma.csproj", "{482E0576-AF14-4C6F-BB52-3A85C3B8DD25}"
EndProject
Global
	GlobalSection(SolutionConfigurationPlatforms) = preSolution
		Debug|Any CPU = Debug|Any CPU
		Release|Any CPU = Release|Any CPU
	EndGlobalSection
	GlobalSection(ProjectConfigurationPlatforms) = postSolution
		{482E0576-AF14-4C6F-BB52-3A85C3B8DD25}.Debug|Any CPU.ActiveCfg = Debug|Any CPU
		{482E0576-AF14-4C6F-BB52-3A85C3B8DD25}.Debug|Any CPU.Build.0 = Debug|Any CPU
		{482E0576-AF14-4C6F-BB52-3A85C3B8DD25}.Release|Any CPU.ActiveCfg = Release|Any CPU
		{482E0576-AF14-4C6F-BB52-3A85C3B8DD25}.Release|Any CPU.Build.0 = Release|Any CPU
	EndGlobalSection
	GlobalSection(SolutionProperties) = preSolution
		HideSolutionNode = FALSE
	EndGlobalSection
	GlobalSection(ExtensibilityGlobals) = postSolution
		SolutionGuid = {45D22E3B-C968-49C4-8937-671E04AB3BFD}
	EndGlobalSection
EndGlobal
